{
  "version": 4,
  "terraform_version": "1.11.3",
  "serial": 13,
  "lineage": "c3aaa6be-a38c-632a-5348-bebe8ea96cf4",
  "outputs": {},
  "resources": [
    {
      "mode": "managed",
      "type": "azurerm_app_service_plan",
      "name": "plan",
      "provider": "provider[\"registry.terraform.io/hashicorp/azurerm\"]",
      "instances": [
        {
          "schema_version": 1,
          "attributes": {
            "app_service_environment_id": "",
            "id": "/subscriptions/62a47bad-99aa-450d-a7e2-ef75d08015f4/resourceGroups/rg-petshop/providers/Microsoft.Web/serverFarms/asp-petshop",
            "is_xenon": false,
            "kind": "linux",
            "location": "brazilsouth",
            "maximum_elastic_worker_count": 1,
            "maximum_number_of_workers": 3,
            "name": "asp-petshop",
            "per_site_scaling": false,
            "reserved": true,
            "resource_group_name": "rg-petshop",
            "sku": [
              {
                "capacity": 1,
                "size": "B1",
                "tier": "Basic"
              }
            ],
            "tags": {},
            "timeouts": null,
            "zone_redundant": false
          },
          "sensitive_attributes": [],
          "private": "eyJlMmJmYjczMC1lY2FhLTExZTYtOGY4OC0zNDM2M2JjN2M0YzAiOnsiY3JlYXRlIjozNjAwMDAwMDAwMDAwLCJkZWxldGUiOjM2MDAwMDAwMDAwMDAsInJlYWQiOjMwMDAwMDAwMDAwMCwidXBkYXRlIjozNjAwMDAwMDAwMDAwfSwic2NoZW1hX3ZlcnNpb24iOiIxIn0=",
          "dependencies": [
            "azurerm_resource_group.rg"
          ]
        }
      ]
    },
    {
      "mode": "managed",
      "type": "azurerm_linux_web_app",
      "name": "app",
      "provider": "provider[\"registry.terraform.io/hashicorp/azurerm\"]",
      "instances": [
        {
          "schema_version": 1,
          "attributes": {
            "app_settings": {
              "FLASK_ENV": "production",
              "GITHUB_REPO": "Deezinn/petshop-flask-basic",
              "SCM_DO_BUILD_DURING_DEPLOYMENT": "true",
              "WEBSITES_ENABLE_APP_SERVICE_STORAGE": "false"
            },
            "auth_settings": [],
            "auth_settings_v2": [],
            "backup": [],
            "client_affinity_enabled": false,
            "client_certificate_enabled": false,
            "client_certificate_exclusion_paths": "",
            "client_certificate_mode": "Required",
            "connection_string": [],
            "custom_domain_verification_id": "56ACA277D2AF216FB778267A04B9F50A807DB0193E204B5B6FE9DE0D001BBBB1",
            "default_hostname": "petshop-flask-app-deezinn123456.azurewebsites.net",
            "enabled": true,
            "ftp_publish_basic_authentication_enabled": true,
            "hosting_environment_id": "",
            "https_only": false,
            "id": "/subscriptions/62a47bad-99aa-450d-a7e2-ef75d08015f4/resourceGroups/rg-petshop/providers/Microsoft.Web/sites/petshop-flask-app-deezinn123456",
            "identity": [
              {
                "identity_ids": null,
                "principal_id": "9cdc187c-66ce-4746-b7d1-a2d0691da4c2",
                "tenant_id": "4a22f116-51ce-4fe3-aeaa-9c46143d088b",
                "type": "SystemAssigned"
              }
            ],
            "key_vault_reference_identity_id": "SystemAssigned",
            "kind": "app,linux",
            "location": "brazilsouth",
            "logs": [],
            "name": "petshop-flask-app-deezinn123456",
            "outbound_ip_address_list": [
              "20.206.227.249",
              "20.206.230.11",
              "191.235.56.39",
              "191.235.56.145",
              "191.235.57.92",
              "20.206.229.10",
              "20.206.176.3"
            ],
            "outbound_ip_addresses": "20.206.227.249,20.206.230.11,191.235.56.39,191.235.56.145,191.235.57.92,20.206.229.10,20.206.176.3",
            "possible_outbound_ip_address_list": [
              "20.206.227.249",
              "20.206.230.11",
              "191.235.56.39",
              "191.235.56.145",
              "191.235.57.92",
              "20.206.229.10",
              "191.235.57.160",
              "191.235.57.181",
              "191.235.57.236",
              "191.235.59.171",
              "191.235.59.244",
              "191.235.60.21",
              "191.235.60.41",
              "191.235.60.60",
              "191.235.60.119",
              "191.235.60.168",
              "191.235.60.191",
              "191.235.60.193",
              "191.235.61.23",
              "20.206.229.8",
              "20.206.231.53",
              "20.206.229.33",
              "20.206.228.111",
              "20.206.231.62",
              "20.206.176.3"
            ],
            "possible_outbound_ip_addresses": "20.206.227.249,20.206.230.11,191.235.56.39,191.235.56.145,191.235.57.92,20.206.229.10,191.235.57.160,191.235.57.181,191.235.57.236,191.235.59.171,191.235.59.244,191.235.60.21,191.235.60.41,191.235.60.60,191.235.60.119,191.235.60.168,191.235.60.191,191.235.60.193,191.235.61.23,20.206.229.8,20.206.231.53,20.206.229.33,20.206.228.111,20.206.231.62,20.206.176.3",
            "public_network_access_enabled": true,
            "resource_group_name": "rg-petshop",
            "service_plan_id": "/subscriptions/62a47bad-99aa-450d-a7e2-ef75d08015f4/resourceGroups/rg-petshop/providers/Microsoft.Web/serverFarms/asp-petshop",
            "site_config": [
              {
                "always_on": true,
                "api_definition_url": "",
                "api_management_api_id": "",
                "app_command_line": "",
                "application_stack": [
                  {
                    "docker_image_name": "",
                    "docker_registry_password": "",
                    "docker_registry_url": "",
                    "docker_registry_username": "",
                    "dotnet_version": "",
                    "go_version": "",
                    "java_server": "",
                    "java_server_version": "",
                    "java_version": "",
                    "node_version": "",
                    "php_version": "",
                    "python_version": "3.10",
                    "ruby_version": ""
                  }
                ],
                "auto_heal_setting": [],
                "container_registry_managed_identity_client_id": "",
                "container_registry_use_managed_identity": false,
                "cors": [],
                "default_documents": [
                  "Default.htm",
                  "Default.html",
                  "Default.asp",
                  "index.htm",
                  "index.html",
                  "iisstart.htm",
                  "default.aspx",
                  "index.php",
                  "hostingstart.html"
                ],
                "detailed_error_logging_enabled": false,
                "ftps_state": "Disabled",
                "health_check_eviction_time_in_min": 0,
                "health_check_path": "",
                "http2_enabled": false,
                "ip_restriction": [],
                "ip_restriction_default_action": "Allow",
                "linux_fx_version": "PYTHON|3.10",
                "load_balancing_mode": "LeastRequests",
                "local_mysql_enabled": false,
                "managed_pipeline_mode": "Integrated",
                "minimum_tls_version": "1.2",
                "remote_debugging_enabled": false,
                "remote_debugging_version": "VS2022",
                "scm_ip_restriction": [],
                "scm_ip_restriction_default_action": "Allow",
                "scm_minimum_tls_version": "1.2",
                "scm_type": "None",
                "scm_use_main_ip_restriction": false,
                "use_32_bit_worker": true,
                "vnet_route_all_enabled": false,
                "websockets_enabled": false,
                "worker_count": 1
              }
            ],
            "site_credential": [
              {
                "name": "$petshop-flask-app-deezinn123456",
                "password": "1CEoelwEqk0PYnAoDz5drl5C8eyG9LM0duDnsHrTpQws5tvti933Cu8uvXvF"
              }
            ],
            "sticky_settings": [],
            "storage_account": [],
            "tags": null,
            "timeouts": null,
            "virtual_network_backup_restore_enabled": false,
            "virtual_network_subnet_id": "",
            "webdeploy_publish_basic_authentication_enabled": true,
            "zip_deploy_file": ""
          },
          "sensitive_attributes": [
            [
              {
                "type": "get_attr",
                "value": "site_credential"
              }
            ],
            [
              {
                "type": "get_attr",
                "value": "site_config"
              },
              {
                "type": "index",
                "value": {
                  "value": 0,
                  "type": "number"
                }
              },
              {
                "type": "get_attr",
                "value": "application_stack"
              },
              {
                "type": "index",
                "value": {
                  "value": 0,
                  "type": "number"
                }
              },
              {
                "type": "get_attr",
                "value": "docker_registry_password"
              }
            ],
            [
              {
                "type": "get_attr",
                "value": "custom_domain_verification_id"
              }
            ]
          ],
          "private": "eyJlMmJmYjczMC1lY2FhLTExZTYtOGY4OC0zNDM2M2JjN2M0YzAiOnsiY3JlYXRlIjoxODAwMDAwMDAwMDAwLCJkZWxldGUiOjE4MDAwMDAwMDAwMDAsInJlYWQiOjMwMDAwMDAwMDAwMCwidXBkYXRlIjoxODAwMDAwMDAwMDAwfSwic2NoZW1hX3ZlcnNpb24iOiIxIn0=",
          "dependencies": [
            "azurerm_app_service_plan.plan",
            "azurerm_resource_group.rg"
          ]
        }
      ]
    },
    {
      "mode": "managed",
      "type": "azurerm_resource_group",
      "name": "rg",
      "provider": "provider[\"registry.terraform.io/hashicorp/azurerm\"]",
      "instances": [
        {
          "schema_version": 0,
          "attributes": {
            "id": "/subscriptions/62a47bad-99aa-450d-a7e2-ef75d08015f4/resourceGroups/rg-petshop",
            "location": "brazilsouth",
            "managed_by": "",
            "name": "rg-petshop",
            "tags": {},
            "timeouts": null
          },
          "sensitive_attributes": [],
          "private": "eyJlMmJmYjczMC1lY2FhLTExZTYtOGY4OC0zNDM2M2JjN2M0YzAiOnsiY3JlYXRlIjo1NDAwMDAwMDAwMDAwLCJkZWxldGUiOjU0MDAwMDAwMDAwMDAsInJlYWQiOjMwMDAwMDAwMDAwMCwidXBkYXRlIjo1NDAwMDAwMDAwMDAwfX0="
        }
      ]
    }
  ],
  "check_results": null
}
